
Microsoft Visual Studio Solution File, Format Version 12.00
# Visual Studio Version 17
VisualStudioVersion = 17.7.34031.279
MinimumVisualStudioVersion = 10.0.40219.1
Project("{FAE04EC0-301F-11D3-BF4B-00C04F79EFBC}") = "UIGameClientTourist", "UIGameClientTourist.csproj", "{FB130DDD-64C2-4465-8D67-7779458946D7}"
EndProject
Global
	GlobalSection(SolutionConfigurationPlatforms) = preSolution
		Debug|Any CPU = Debug|Any CPU
		Release|Any CPU = Release|Any CPU
	EndGlobalSection
	GlobalSection(ProjectConfigurationPlatforms) = postSolution
		{FB130DDD-64C2-4465-8D67-7779458946D7}.Debug|Any CPU.ActiveCfg = Debug|Any CPU
		{FB130DDD-64C2-4465-8D67-7779458946D7}.Debug|Any CPU.Build.0 = Debug|Any CPU
		{FB130DDD-64C2-4465-8D67-7779458946D7}.Release|Any CPU.ActiveCfg = Release|Any CPU
		{FB130DDD-64C2-4465-8D67-7779458946D7}.Release|Any CPU.Build.0 = Release|Any CPU
	EndGlobalSection
	GlobalSection(SolutionProperties) = preSolution
		HideSolutionNode = FALSE
	EndGlobalSection
	GlobalSection(ExtensibilityGlobals) = postSolution
		SolutionGuid = {8FE6DE27-CB02-4005-8A55-DFC55C4D1DFD}
	EndGlobalSection
EndGlobal
